PODS:
  - GTMOAuth2 (1.1.1):
    - GTMSessionFetcher (~> 1.1)
  - GTMSessionFetcher (1.1.4):
    - GTMSessionFetcher/Full (= 1.1.4)
  - GTMSessionFetcher/Core (1.1.4)
  - GTMSessionFetcher/Full (1.1.4):
    - GTMSessionFetcher/Core (= 1.1.4)

DEPENDENCIES:
  - GTMOAuth2 (~> 1.1.0)

SPEC CHECKSUMS:
  GTMOAuth2: bdb12f3e0d2110bfe585f6151230b883beb4d042
  GTMSessionFetcher: 174bc61d5238f81f9ddb807b0b0170420f67de85

PODFILE CHECKSUM: c2e9a6dfae6fb8235a7cbf080c3ff64492ee5e60

COCOAPODS: 1.0.1
